// !$*UTF8*$!
{
	archiveVersion = 1;
	classes = {
	};
	objectVersion = 46;
	objects = {

/* Begin PBXBuildFile section */
		C2D5A8A21E7F806C007B5938 /* AppDelegate.swift in Sources */ = {isa = PBXBuildFile; fileRef = C2D5A8A11E7F806C007B5938 /* AppDelegate.swift */; };
		C2D5A8A41E7F806C007B5938 /* ViewController.swift in Sources */ = {isa = PBXBuildFile; fileRef = C2D5A8A31E7F806C007B5938 /* ViewController.swift */; };
		C2D5A8A71E7F806C007B5938 /* Main.storyboard in Resources */ = {isa = PBXBuildFile; fileRef = C2D5A8A51E7F806C007B5938 /* Main.storyboard */; };
		C2D5A8A91E7F806C007B5938 /* Assets.xcassets in Resources */ = {isa = PBXBuildFile; fileRef = C2D5A8A81E7F806C007B5938 /* Assets.xcassets */; };
		C2D5A8AC1E7F806C007B5938 /* LaunchScreen.storyboard in Resources */ = {isa = PBXBuildFile; fileRef = C2D5A8AA1E7F806C007B5938 /* LaunchScreen.storyboard */; };
		C2D5A8B51E7F85C3007B5938 /* libz.tbd in Frameworks */ = {isa = PBXBuildFile; fileRef = C2D5A8B41E7F85C3007B5938 /* libz.tbd */; };
		C2D5A8D61E7F8730007B5938 /* GCDWebServer.m in Sources */ = {isa = PBXBuildFile; fileRef = C2D5A8B91E7F8730007B5938 /* GCDWebServer.m */; };
		C2D5A8D71E7F8730007B5938 /* GCDWebServerConnection.m in Sources */ = {isa = PBXBuildFile; fileRef = C2D5A8BB1E7F8730007B5938 /* GCDWebServerConnection.m */; };
		C2D5A8D81E7F8730007B5938 /* GCDWebServerFunctions.m in Sources */ = {isa = PBXBuildFile; fileRef = C2D5A8BD1E7F8730007B5938 /* GCDWebServerFunctions.m */; };
		C2D5A8D91E7F8730007B5938 /* GCDWebServerRequest.m in Sources */ = {isa = PBXBuildFile; fileRef = C2D5A8C11E7F8730007B5938 /* GCDWebServerRequest.m */; };
		C2D5A8DA1E7F8730007B5938 /* GCDWebServerResponse.m in Sources */ = {isa = PBXBuildFile; fileRef = C2D5A8C31E7F8730007B5938 /* GCDWebServerResponse.m */; };
		C2D5A8DB1E7F8730007B5938 /* GCDWebServerDataRequest.m in Sources */ = {isa = PBXBuildFile; fileRef = C2D5A8C61E7F8730007B5938 /* GCDWebServerDataRequest.m */; };
		C2D5A8DC1E7F8730007B5938 /* GCDWebServerFileRequest.m in Sources */ = {isa = PBXBuildFile; fileRef = C2D5A8C81E7F8730007B5938 /* GCDWebServerFileRequest.m */; };
		C2D5A8DD1E7F8730007B5938 /* GCDWebServerMultiPartFormRequest.m in Sources */ = {isa = PBXBuildFile; fileRef = C2D5A8CA1E7F8730007B5938 /* GCDWebServerMultiPartFormRequest.m */; };
		C2D5A8DE1E7F8730007B5938 /* GCDWebServerURLEncodedFormRequest.m in Sources */ = {isa = PBXBuildFile; fileRef = C2D5A8CC1E7F8730007B5938 /* GCDWebServerURLEncodedFormRequest.m */; };
		C2D5A8DF1E7F8730007B5938 /* GCDWebServerDataResponse.m in Sources */ = {isa = PBXBuildFile; fileRef = C2D5A8CF1E7F8730007B5938 /* GCDWebServerDataResponse.m */; };
		C2D5A8E01E7F8730007B5938 /* GCDWebServerErrorResponse.m in Sources */ = {isa = PBXBuildFile; fileRef = C2D5A8D11E7F8730007B5938 /* GCDWebServerErrorResponse.m */; };
		C2D5A8E11E7F8730007B5938 /* GCDWebServerFileResponse.m in Sources */ = {isa = PBXBuildFile; fileRef = C2D5A8D31E7F8730007B5938 /* GCDWebServerFileResponse.m */; };
		C2D5A8E21E7F8730007B5938 /* GCDWebServerStreamedResponse.m in Sources */ = {isa = PBXBuildFile; fileRef = C2D5A8D51E7F8730007B5938 /* GCDWebServerStreamedResponse.m */; };
/* End PBXBuildFile section */

/* Begin PBXFileReference section */
		C2D5A89E1E7F806C007B5938 /* OCGCDWebServer.app */ = {isa = PBXFileReference; explicitFileType = wrapper.application; includeInIndex = 0; path = OCGCDWebServer.app; sourceTree = BUILT_PRODUCTS_DIR; };
		C2D5A8A11E7F806C007B5938 /* AppDelegate.swift */ = {isa = PBXFileReference; lastKnownFileType = sourcecode.swift; path = AppDelegate.swift; sourceTree = "<group>"; };
		C2D5A8A31E7F806C007B5938 /* ViewController.swift */ = {isa = PBXFileReference; lastKnownFileType = sourcecode.swift; path = ViewController.swift; sourceTree = "<group>"; };
		C2D5A8A61E7F806C007B5938 /* Base */ = {isa = PBXFileReference; lastKnownFileType = file.storyboard; name = Base; path = Base.lproj/Main.storyboard; sourceTree = "<group>"; };
		C2D5A8A81E7F806C007B5938 /* Assets.xcassets */ = {isa = PBXFileReference; lastKnownFileType = folder.assetcatalog; path = Assets.xcassets; sourceTree = "<group>"; };
		C2D5A8AB1E7F806C007B5938 /* Base */ = {isa = PBXFileReference; lastKnownFileType = file.storyboard; name = Base; path = Base.lproj/LaunchScreen.storyboard; sourceTree = "<group>"; };
		C2D5A8AD1E7F806C007B5938 /* Info.plist */ = {isa = PBXFileReference; lastKnownFileType = text.plist.xml; path = Info.plist; sourceTree = "<group>"; };
		C2D5A8B41E7F85C3007B5938 /* libz.tbd */ = {isa = PBXFileReference; lastKnownFileType = "sourcecode.text-based-dylib-definition"; name = libz.tbd; path = usr/lib/libz.tbd; sourceTree = SDKROOT; };
		C2D5A8B81E7F8730007B5938 /* GCDWebServer.h */ = {isa = PBXFileReference; fileEncoding = 4; lastKnownFileType = sourcecode.c.h; path = GCDWebServer.h; sourceTree = "<group>"; };
		C2D5A8B91E7F8730007B5938 /* GCDWebServer.m */ = {isa = PBXFileReference; fileEncoding = 4; lastKnownFileType = sourcecode.c.objc; path = GCDWebServer.m; sourceTree = "<group>"; };
		C2D5A8BA1E7F8730007B5938 /* GCDWebServerConnection.h */ = {isa = PBXFileReference; fileEncoding = 4; lastKnownFileType = sourcecode.c.h; path = GCDWebServerConnection.h; sourceTree = "<group>"; };
		C2D5A8BB1E7F8730007B5938 /* GCDWebServerConnection.m */ = {isa = PBXFileReference; fileEncoding = 4; lastKnownFileType = sourcecode.c.objc; path = GCDWebServerConnection.m; sourceTree = "<group>"; };
		C2D5A8BC1E7F8730007B5938 /* GCDWebServerFunctions.h */ = {isa = PBXFileReference; fileEncoding = 4; lastKnownFileType = sourcecode.c.h; path = GCDWebServerFunctions.h; sourceTree = "<group>"; };
		C2D5A8BD1E7F8730007B5938 /* GCDWebServerFunctions.m */ = {isa = PBXFileReference; fileEncoding = 4; lastKnownFileType = sourcecode.c.objc; path = GCDWebServerFunctions.m; sourceTree = "<group>"; };
		C2D5A8BE1E7F8730007B5938 /* GCDWebServerHTTPStatusCodes.h */ = {isa = PBXFileReference; fileEncoding = 4; lastKnownFileType = sourcecode.c.h; path = GCDWebServerHTTPStatusCodes.h; sourceTree = "<group>"; };
		C2D5A8BF1E7F8730007B5938 /* GCDWebServerPrivate.h */ = {isa = PBXFileReference; fileEncoding = 4; lastKnownFileType = sourcecode.c.h; path = GCDWebServerPrivate.h; sourceTree = "<group>"; };
		C2D5A8C01E7F8730007B5938 /* GCDWebServerRequest.h */ = {isa = PBXFileReference; fileEncoding = 4; lastKnownFileType = sourcecode.c.h; path = GCDWebServerRequest.h; sourceTree = "<group>"; };
		C2D5A8C11E7F8730007B5938 /* GCDWebServerRequest.m */ = {isa = PBXFileReference; fileEncoding = 4; lastKnownFileType = sourcecode.c.objc; path = GCDWebServerRequest.m; sourceTree = "<group>"; };
		C2D5A8C21E7F8730007B5938 /* GCDWebServerResponse.h */ = {isa = PBXFileReference; fileEncoding = 4; lastKnownFileType = sourcecode.c.h; path = GCDWebServerResponse.h; sourceTree = "<group>"; };
		C2D5A8C31E7F8730007B5938 /* GCDWebServerResponse.m */ = {isa = PBXFileReference; fileEncoding = 4; lastKnownFileType = sourcecode.c.objc; path = GCDWebServerResponse.m; sourceTree = "<group>"; };
		C2D5A8C51E7F8730007B5938 /* GCDWebServerDataRequest.h */ = {isa = PBXFileReference; fileEncoding = 4; lastKnownFileType = sourcecode.c.h; path = GCDWebServerDataRequest.h; sourceTree = "<group>"; };
		C2D5A8C61E7F8730007B5938 /* GCDWebServerDataRequest.m */ = {isa = PBXFileReference; fileEncoding = 4; lastKnownFileType = sourcecode.c.objc; path = GCDWebServerDataRequest.m; sourceTree = "<group>"; };
		C2D5A8C71E7F8730007B5938 /* GCDWebServerFileRequest.h */ = {isa = PBXFileReference; fileEncoding = 4; lastKnownFileType = sourcecode.c.h; path = GCDWebServerFileRequest.h; sourceTree = "<group>"; };
		C2D5A8C81E7F8730007B5938 /* GCDWebServerFileRequest.m */ = {isa = PBXFileReference; fileEncoding = 4; lastKnownFileType = sourcecode.c.objc; path = GCDWebServerFileRequest.m; sourceTree = "<group>"; };
		C2D5A8C91E7F8730007B5938 /* GCDWebServerMultiPartFormRequest.h */ = {isa = PBXFileReference; fileEncoding = 4; lastKnownFileType = sourcecode.c.h; path = GCDWebServerMultiPartFormRequest.h; sourceTree = "<group>"; };
		C2D5A8CA1E7F8730007B5938 /* GCDWebServerMultiPartFormRequest.m */ = {isa = PBXFileReference; fileEncoding = 4; lastKnownFileType = sourcecode.c.objc; path = GCDWebServerMultiPartFormRequest.m; sourceTree = "<group>"; };
		C2D5A8CB1E7F8730007B5938 /* GCDWebServerURLEncodedFormRequest.h */ = {isa = PBXFileReference; fileEncoding = 4; lastKnownFileType = sourcecode.c.h; path = GCDWebServerURLEncodedFormRequest.h; sourceTree = "<group>"; };
		C2D5A8CC1E7F8730007B5938 /* GCDWebServerURLEncodedFormRequest.m */ = {isa = PBXFileReference; fileEncoding = 4; lastKnownFileType = sourcecode.c.objc; path = GCDWebServerURLEncodedFormRequest.m; sourceTree = "<group>"; };
		C2D5A8CE1E7F8730007B5938 /* GCDWebServerDataResponse.h */ = {isa = PBXFileReference; fileEncoding = 4; lastKnownFileType = sourcecode.c.h; path = GCDWebServerDataResponse.h; sourceTree = "<group>"; };
		C2D5A8CF1E7F8730007B5938 /* GCDWebServerDataResponse.m */ = {isa = PBXFileReference; fileEncoding = 4; lastKnownFileType = sourcecode.c.objc; path = GCDWebServerDataResponse.m; sourceTree = "<group>"; };
		C2D5A8D01E7F8730007B5938 /* GCDWebServerErrorResponse.h */ = {isa = PBXFileReference; fileEncoding = 4; lastKnownFileType = sourcecode.c.h; path = GCDWebServerErrorResponse.h; sourceTree = "<group>"; };
		C2D5A8D11E7F8730007B5938 /* GCDWebServerErrorResponse.m */ = {isa = PBXFileReference; fileEncoding = 4; lastKnownFileType = sourcecode.c.objc; path = GCDWebServerErrorResponse.m; sourceTree = "<group>"; };
		C2D5A8D21E7F8730007B5938 /* GCDWebServerFileResponse.h */ = {isa = PBXFileReference; fileEncoding = 4; lastKnownFileType = sourcecode.c.h; path = GCDWebServerFileResponse.h; sourceTree = "<group>"; };
		C2D5A8D31E7F8730007B5938 /* GCDWebServerFileResponse.m */ = {isa = PBXFileReference; fileEncoding = 4; lastKnownFileType = sourcecode.c.objc; path = GCDWebServerFileResponse.m; sourceTree = "<group>"; };
		C2D5A8D41E7F8730007B5938 /* GCDWebServerStreamedResponse.h */ = {isa = PBXFileReference; fileEncoding = 4; lastKnownFileType = sourcecode.c.h; path = GCDWebServerStreamedResponse.h; sourceTree = "<group>"; };
		C2D5A8D51E7F8730007B5938 /* GCDWebServerStreamedResponse.m */ = {isa = PBXFileReference; fileEncoding = 4; lastKnownFileType = sourcecode.c.objc; path = GCDWebServerStreamedResponse.m; sourceTree = "<group>"; };
		C2D5A8E31E7F8814007B5938 /* bridging.h */ = {isa = PBXFileReference; lastKnownFileType = sourcecode.c.h; path = bridging.h; sourceTree = "<group>"; };
/* End PBXFileReference section */

/* Begin PBXFrameworksBuildPhase section */
		C2D5A89B1E7F806C007B5938 /* Frameworks */ = {
			isa = PBXFrameworksBuildPhase;
			buildActionMask = 2147483647;
			files = (
				C2D5A8B51E7F85C3007B5938 /* libz.tbd in Frameworks */,
			);
			runOnlyForDeploymentPostprocessing = 0;
		};
/* End PBXFrameworksBuildPhase section */

/* Begin PBXGroup section */
		C2D5A8951E7F806B007B5938 = {
			isa = PBXGroup;
			children = (
				C2D5A8A01E7F806C007B5938 /* OCGCDWebServer */,
				C2D5A89F1E7F806C007B5938 /* Products */,
				C2D5A8B31E7F85C3007B5938 /* Frameworks */,
			);
			sourceTree = "<group>";
		};
		C2D5A89F1E7F806C007B5938 /* Products */ = {
			isa = PBXGroup;
			children = (
				C2D5A89E1E7F806C007B5938 /* OCGCDWebServer.app */,
			);
			name = Products;
			sourceTree = "<group>";
		};
		C2D5A8A01E7F806C007B5938 /* OCGCDWebServer */ = {
			isa = PBXGroup;
			children = (
				C2D5A8E31E7F8814007B5938 /* bridging.h */,
				C2D5A8B61E7F8730007B5938 /* GCDWebServer */,
				C2D5A8A11E7F806C007B5938 /* AppDelegate.swift */,
				C2D5A8A31E7F806C007B5938 /* ViewController.swift */,
				C2D5A8A51E7F806C007B5938 /* Main.storyboard */,
				C2D5A8A81E7F806C007B5938 /* Assets.xcassets */,
				C2D5A8AA1E7F806C007B5938 /* LaunchScreen.storyboard */,
				C2D5A8AD1E7F806C007B5938 /* Info.plist */,
			);
			path = OCGCDWebServer;
			sourceTree = "<group>";
		};
		C2D5A8B31E7F85C3007B5938 /* Frameworks */ = {
			isa = PBXGroup;
			children = (
				C2D5A8B41E7F85C3007B5938 /* libz.tbd */,
			);
			name = Frameworks;
			sourceTree = "<group>";
		};
		C2D5A8B61E7F8730007B5938 /* GCDWebServer */ = {
			isa = PBXGroup;
			children = (
				C2D5A8B71E7F8730007B5938 /* Core */,
				C2D5A8C41E7F8730007B5938 /* Requests */,
				C2D5A8CD1E7F8730007B5938 /* Responses */,
			);
			path = GCDWebServer;
			sourceTree = "<group>";
		};
		C2D5A8B71E7F8730007B5938 /* Core */ = {
			isa = PBXGroup;
			children = (
				C2D5A8B81E7F8730007B5938 /* GCDWebServer.h */,
				C2D5A8B91E7F8730007B5938 /* GCDWebServer.m */,
				C2D5A8BA1E7F8730007B5938 /* GCDWebServerConnection.h */,
				C2D5A8BB1E7F8730007B5938 /* GCDWebServerConnection.m */,
				C2D5A8BC1E7F8730007B5938 /* GCDWebServerFunctions.h */,
				C2D5A8BD1E7F8730007B5938 /* GCDWebServerFunctions.m */,
				C2D5A8BE1E7F8730007B5938 /* GCDWebServerHTTPStatusCodes.h */,
				C2D5A8BF1E7F8730007B5938 /* GCDWebServerPrivate.h */,
				C2D5A8C01E7F8730007B5938 /* GCDWebServerRequest.h */,
				C2D5A8C11E7F8730007B5938 /* GCDWebServerRequest.m */,
				C2D5A8C21E7F8730007B5938 /* GCDWebServerResponse.h */,
				C2D5A8C31E7F8730007B5938 /* GCDWebServerResponse.m */,
			);
			path = Core;
			sourceTree = "<group>";
		};
		C2D5A8C41E7F8730007B5938 /* Requests */ = {
			isa = PBXGroup;
			children = (
				C2D5A8C51E7F8730007B5938 /* GCDWebServerDataRequest.h */,
				C2D5A8C61E7F8730007B5938 /* GCDWebServerDataRequest.m */,
				C2D5A8C71E7F8730007B5938 /* GCDWebServerFileRequest.h */,
				C2D5A8C81E7F8730007B5938 /* GCDWebServerFileRequest.m */,
				C2D5A8C91E7F8730007B5938 /* GCDWebServerMultiPartFormRequest.h */,
				C2D5A8CA1E7F8730007B5938 /* GCDWebServerMultiPartFormRequest.m */,
				C2D5A8CB1E7F8730007B5938 /* GCDWebServerURLEncodedFormRequest.h */,
				C2D5A8CC1E7F8730007B5938 /* GCDWebServerURLEncodedFormRequest.m */,
			);
			path = Requests;
			sourceTree = "<group>";
		};
		C2D5A8CD1E7F8730007B5938 /* Responses */ = {
			isa = PBXGroup;
			children = (
				C2D5A8CE1E7F8730007B5938 /* GCDWebServerDataResponse.h */,
				C2D5A8CF1E7F8730007B5938 /* GCDWebServerDataResponse.m */,
				C2D5A8D01E7F8730007B5938 /* GCDWebServerErrorResponse.h */,
				C2D5A8D11E7F8730007B5938 /* GCDWebServerErrorResponse.m */,
				C2D5A8D21E7F8730007B5938 /* GCDWebServerFileResponse.h */,
				C2D5A8D31E7F8730007B5938 /* GCDWebServerFileResponse.m */,
				C2D5A8D41E7F8730007B5938 /* GCDWebServerStreamedResponse.h */,
				C2D5A8D51E7F8730007B5938 /* GCDWebServerStreamedResponse.m */,
			);
			path = Responses;
			sourceTree = "<group>";
		};
/* End PBXGroup section */

/* Begin PBXNativeTarget section */
		C2D5A89D1E7F806C007B5938 /* OCGCDWebServer */ = {
			isa = PBXNativeTarget;
			buildConfigurationList = C2D5A8B01E7F806C007B5938 /* Build configuration list for PBXNativeTarget "OCGCDWebServer" */;
			buildPhases = (
				C2D5A89A1E7F806C007B5938 /* Sources */,
				C2D5A89B1E7F806C007B5938 /* Frameworks */,
				C2D5A89C1E7F806C007B5938 /* Resources */,
			);
			buildRules = (
			);
			dependencies = (
			);
			name = OCGCDWebServer;
			productName = OCGCDWebServer;
			productReference = C2D5A89E1E7F806C007B5938 /* OCGCDWebServer.app */;
			productType = "com.apple.product-type.application";
		};
/* End PBXNativeTarget section */

/* Begin PBXProject section */
		C2D5A8961E7F806B007B5938 /* Project object */ = {
			isa = PBXProject;
			attributes = {
				LastSwiftUpdateCheck = 0820;
				LastUpgradeCheck = 0820;
				ORGANIZATIONNAME = onechange;
				TargetAttributes = {
					C2D5A89D1E7F806C007B5938 = {
						CreatedOnToolsVersion = 8.2.1;
						DevelopmentTeam = LK44T77XLT;
						ProvisioningStyle = Automatic;
					};
				};
			};
			buildConfigurationList = C2D5A8991E7F806B007B5938 /* Build configuration list for PBXProject "OCGCDWebServer" */;
			compatibilityVersion = "Xcode 3.2";
			developmentRegion = English;
			hasScannedForEncodings = 0;
			knownRegions = (
				en,
				Base,
			);
			mainGroup = C2D5A8951E7F806B007B5938;
			productRefGroup = C2D5A89F1E7F806C007B5938 /* Products */;
			projectDirPath = "";
			projectRoot = "";
			targets = (
				C2D5A89D1E7F806C007B5938 /* OCGCDWebServer */,
			);
		};
/* End PBXProject section */

/* Begin PBXResourcesBuildPhase section */
		C2D5A89C1E7F806C007B5938 /* Resources */ = {
			isa = PBXResourcesBuildPhase;
			buildActionMask = 2147483647;
			files = (
				C2D5A8AC1E7F806C007B5938 /* LaunchScreen.storyboard in Resources */,
				C2D5A8A91E7F806C007B5938 /* Assets.xcassets in Resources */,
				C2D5A8A71E7F806C007B5938 /* Main.storyboard in Resources */,
			);
			runOnlyForDeploymentPostprocessing = 0;
		};
/* End PBXResourcesBuildPhase section */

/* Begin PBXSourcesBuildPhase section */
		C2D5A89A1E7F806C007B5938 /* Sources */ = {
			isa = PBXSourcesBuildPhase;
			buildActionMask = 2147483647;
			files = (
				C2D5A8A41E7F806C007B5938 /* ViewController.swift in Sources */,
				C2D5A8D81E7F8730007B5938 /* GCDWebServerFunctions.m in Sources */,
				C2D5A8DB1E7F8730007B5938 /* GCDWebServerDataRequest.m in Sources */,
				C2D5A8E21E7F8730007B5938 /* GCDWebServerStreamedResponse.m in Sources */,
				C2D5A8E11E7F8730007B5938 /* GCDWebServerFileResponse.m in Sources */,
				C2D5A8A21E7F806C007B5938 /* AppDelegate.swift in Sources */,
				C2D5A8DE1E7F8730007B5938 /* GCDWebServerURLEncodedFormRequest.m in Sources */,
				C2D5A8D71E7F8730007B5938 /* GCDWebServerConnection.m in Sources */,
				C2D5A8DC1E7F8730007B5938 /* GCDWebServerFileRequest.m in Sources */,
				C2D5A8DA1E7F8730007B5938 /* GCDWebServerResponse.m in Sources */,
				C2D5A8D91E7F8730007B5938 /* GCDWebServerRequest.m in Sources */,
				C2D5A8E01E7F8730007B5938 /* GCDWebServerErrorResponse.m in Sources */,
				C2D5A8DF1E7F8730007B5938 /* GCDWebServerDataResponse.m in Sources */,
				C2D5A8D61E7F8730007B5938 /* GCDWebServer.m in Sources */,
				C2D5A8DD1E7F8730007B5938 /* GCDWebServerMultiPartFormRequest.m in Sources */,
			);
			runOnlyForDeploymentPostprocessing = 0;
		};
/* End PBXSourcesBuildPhase section */

/* Begin PBXVariantGroup section */
		C2D5A8A51E7F806C007B5938 /* Main.storyboard */ = {
			isa = PBXVariantGroup;
			children = (
				C2D5A8A61E7F806C007B5938 /* Base */,
			);
			name = Main.storyboard;
			sourceTree = "<group>";
		};
		C2D5A8AA1E7F806C007B5938 /* LaunchScreen.storyboard */ = {
			isa = PBXVariantGroup;
			children = (
				C2D5A8AB1E7F806C007B5938 /* Base */,
			);
			name = LaunchScreen.storyboard;
			sourceTree = "<group>";
		};
/* End PBXVariantGroup section */

/* Begin XCBuildConfiguration section */
		C2D5A8AE1E7F806C007B5938 /* Debug */ = {
			isa = XCBuildConfiguration;
			buildSettings = {
				ALWAYS_SEARCH_USER_PATHS = NO;
				CLANG_ANALYZER_NONNULL = YES;
				CLANG_CXX_LANGUAGE_STANDARD = "gnu++0x";
				CLANG_CXX_LIBRARY = "libc++";
				CLANG_ENABLE_MODULES = YES;
				CLANG_ENABLE_OBJC_ARC = YES;
				CLANG_WARN_BOOL_CONVERSION = YES;
				CLANG_WARN_CONSTANT_CONVERSION = YES;
				CLANG_WARN_DIRECT_OBJC_ISA_USAGE = YES_ERROR;
				CLANG_WARN_DOCUMENTATION_COMMENTS = YES;
				CLANG_WARN_EMPTY_BODY = YES;
				CLANG_WARN_ENUM_CONVERSION = YES;
				CLANG_WARN_INFINITE_RECURSION = YES;
				CLANG_WARN_INT_CONVERSION = YES;
				CLANG_WARN_OBJC_ROOT_CLASS = YES_ERROR;
				CLANG_WARN_SUSPICIOUS_MOVE = YES;
				CLANG_WARN_UNREACHABLE_CODE = YES;
				CLANG_WARN__DUPLICATE_METHOD_MATCH = YES;
				"CODE_SIGN_IDENTITY[sdk=iphoneos*]" = "iPhone Developer";
				COPY_PHASE_STRIP = NO;
				DEBUG_INFORMATION_FORMAT = dwarf;
				ENABLE_STRICT_OBJC_MSGSEND = YES;
				ENABLE_TESTABILITY = YES;
				GCC_C_LANGUAGE_STANDARD = gnu99;
				GCC_DYNAMIC_NO_PIC = NO;
				GCC_NO_COMMON_BLOCKS = YES;
				GCC_OPTIMIZATION_LEVEL = 0;
				GCC_PREPROCESSOR_DEFINITIONS = (
					"DEBUG=1",
					"$(inherited)",
				);
				GCC_WARN_64_TO_32_BIT_CONVERSION = YES;
				GCC_WARN_ABOUT_RETURN_TYPE = YES_ERROR;
				GCC_WARN_UNDECLARED_SELECTOR = YES;
				GCC_WARN_UNINITIALIZED_AUTOS = YES_AGGRESSIVE;
				GCC_WARN_UNUSED_FUNCTION = YES;
				GCC_WARN_UNUSED_VARIABLE = YES;
				IPHONEOS_DEPLOYMENT_TARGET = 8.0;
				MTL_ENABLE_DEBUG_INFO = YES;
				ONLY_ACTIVE_ARCH = YES;
				SDKROOT = iphoneos;
				SWIFT_ACTIVE_COMPILATION_CONDITIONS = DEBUG;
				SWIFT_OPTIMIZATION_LEVEL = "-Onone";
				TARGETED_DEVICE_FAMILY = "1,2";
			};
			name = Debug;
		};
		C2D5A8AF1E7F806C007B5938 /* Release */ = {
			isa = XCBuildConfiguration;
			buildSettings = {
				ALWAYS_SEARCH_USER_PATHS = NO;
				CLANG_ANALYZER_NONNULL = YES;
				CLANG_CXX_LANGUAGE_STANDARD = "gnu++0x";
				CLANG_CXX_LIBRARY = "libc++";
				CLANG_ENABLE_MODULES = YES;
				CLANG_ENABLE_OBJC_ARC = YES;
				CLANG_WARN_BOOL_CONVERSION = YES;
				CLANG_WARN_CONSTANT_CONVERSION = YES;
				CLANG_WARN_DIRECT_OBJC_ISA_USAGE = YES_ERROR;
				CLANG_WARN_DOCUMENTATION_COMMENTS = YES;
				CLANG_WARN_EMPTY_BODY = YES;
				CLANG_WARN_ENUM_CONVERSION = YES;
				CLANG_WARN_INFINITE_RECURSION = YES;
				CLANG_WARN_INT_CONVERSION = YES;
				CLANG_WARN_OBJC_ROOT_CLASS = YES_ERROR;
				CLANG_WARN_SUSPICIOUS_MOVE = YES;
				CLANG_WARN_UNREACHABLE_CODE = YES;
				CLANG_WARN__DUPLICATE_METHOD_MATCH = YES;
				"CODE_SIGN_IDENTITY[sdk=iphoneos*]" = "iPhone Developer";
				COPY_PHASE_STRIP = NO;
				DEBUG_INFORMATION_FORMAT = "dwarf-with-dsym";
				ENABLE_NS_ASSERTIONS = NO;
				ENABLE_STRICT_OBJC_MSGSEND = YES;
				GCC_C_LANGUAGE_STANDARD = gnu99;
				GCC_NO_COMMON_BLOCKS = YES;
				GCC_WARN_64_TO_32_BIT_CONVERSION = YES;
				GCC_WARN_ABOUT_RETURN_TYPE = YES_ERROR;
				GCC_WARN_UNDECLARED_SELECTOR = YES;
				GCC_WARN_UNINITIALIZED_AUTOS = YES_AGGRESSIVE;
				GCC_WARN_UNUSED_FUNCTION = YES;
				GCC_WARN_UNUSED_VARIABLE = YES;
				IPHONEOS_DEPLOYMENT_TARGET = 8.0;
				MTL_ENABLE_DEBUG_INFO = NO;
				SDKROOT = iphoneos;
				SWIFT_OPTIMIZATION_LEVEL = "-Owholemodule";
				TARGETED_DEVICE_FAMILY = "1,2";
				VALIDATE_PRODUCT = YES;
			};
			name = Release;
		};
		C2D5A8B11E7F806C007B5938 /* Debug */ = {
			isa = XCBuildConfiguration;
			buildSettings = {
				ASSETCATALOG_COMPILER_APPICON_NAME = AppIcon;
				DEVELOPMENT_TEAM = LK44T77XLT;
				INFOPLIST_FILE = OCGCDWebServer/Info.plist;
				IPHONEOS_DEPLOYMENT_TARGET = 8.0;
				LD_RUNPATH_SEARCH_PATHS = "$(inherited) @executable_path/Frameworks";
				PRODUCT_BUNDLE_IDENTIFIER = com.onechange.OCGCDWebServer;
				PRODUCT_NAME = "$(TARGET_NAME)";
				SWIFT_OBJC_BRIDGING_HEADER = OCGCDWebServer/bridging.h;
				SWIFT_VERSION = 3.0;
			};
			name = Debug;
		};
		C2D5A8B21E7F806C007B5938 /* Release */ = {
			isa = XCBuildConfiguration;
			buildSettings = {
				ASSETCATALOG_COMPILER_APPICON_NAME = AppIcon;
				DEVELOPMENT_TEAM = LK44T77XLT;
				INFOPLIST_FILE = OCGCDWebServer/Info.plist;
				IPHONEOS_DEPLOYMENT_TARGET = 8.0;
				LD_RUNPATH_SEARCH_PATHS = "$(inherited) @executable_path/Frameworks";
				PRODUCT_BUNDLE_IDENTIFIER = com.onechange.OCGCDWebServer;
				PRODUCT_NAME = "$(TARGET_NAME)";
				SWIFT_OBJC_BRIDGING_HEADER = OCGCDWebServer/bridging.h;
				SWIFT_VERSION = 3.0;
			};
			name = Release;
		};
/* End XCBuildConfiguration section */

/* Begin XCConfigurationList section */
		C2D5A8991E7F806B007B5938 /* Build configuration list for PBXProject "OCGCDWebServer" */ = {
			isa = XCConfigurationList;
			buildConfigurations = (
				C2D5A8AE1E7F806C007B5938 /* Debug */,
				C2D5A8AF1E7F806C007B5938 /* Release */,
			);
			defaultConfigurationIsVisible = 0;
			defaultConfigurationName = Release;
		};
		C2D5A8B01E7F806C007B5938 /* Build configuration list for PBXNativeTarget "OCGCDWebServer" */ = {
			isa = XCConfigurationList;
			buildConfigurations = (
				C2D5A8B11E7F806C007B5938 /* Debug */,
				C2D5A8B21E7F806C007B5938 /* Release */,
			);
			defaultConfigurationIsVisible = 0;
		};
/* End XCConfigurationList section */
	};
	rootObject = C2D5A8961E7F806B007B5938 /* Project object */;
}
